{
  "lockfileVersion": 1,
  "configVersion": 1,
  "workspaces": {
    "": {
      "name": "docs-factory-review-server",
      "dependencies": {
        "@bufbuild/protobuf": "^2.9.0",
        "@connectrpc/connect": "^2.1.0",
        "@connectrpc/connect-node": "^2.1.0",
        "@hono/node-server": "^1.19.0",
        "hono": "^4.10.0",
        "jose": "^6.2.4",
        "postgres": "^3.4.9",
      },
      "devDependencies": {
        "@types/bun": "^1.3.14",
        "@types/node": "^26.1.0",
        "typescript": "^5.8.3",
      },
    },
  },
  "packages": {
    "@bufbuild/protobuf": ["@bufbuild/protobuf@2.12.1", "https://npm-proxy.cloud.databricks.com/@bufbuild/protobuf/-/protobuf-2.12.1.tgz", {}, "sha512-BvAMfS6LrgZiryOAZ4pBYucu4wG/Ei/9o9DZ9akbREnMLbPJiom2i8b9C8IsKErQoiKqVhrerzt3kOT/RrzLHg=="],

    "@connectrpc/connect": ["@connectrpc/connect@2.1.2", "https://npm-proxy.cloud.databricks.com/@connectrpc/connect/-/connect-2.1.2.tgz", { "peerDependencies": { "@bufbuild/protobuf": "^2.7.0" } }, "sha512-MXkBijtcX09R10Eb6sFeIetc6w6746eio6xtfuyVOH7oQAacT1X0GzMIQFux6Qy8cq3W/T5qX5Bei8YbFtmRGA=="],

    "@connectrpc/connect-node": ["@connectrpc/connect-node@2.1.2", "https://npm-proxy.cloud.databricks.com/@connectrpc/connect-node/-/connect-node-2.1.2.tgz", { "peerDependencies": { "@bufbuild/protobuf": "^2.7.0", "@connectrpc/connect": "2.1.2" } }, "sha512-+i/aAOpsI8sIx1mbYp6d99zvxaUSF6t/jP9Ux9maAmjsZPgmIQ3JuIeYi0zJIP9zlCnBlJjkpPosshCgdRuThQ=="],

    "@hono/node-server": ["@hono/node-server@1.19.14", "https://npm-proxy.cloud.databricks.com/@hono/node-server/-/node-server-1.19.14.tgz", { "peerDependencies": { "hono": "^4" } }, "sha512-GwtvgtXxnWsucXvbQXkRgqksiH2Qed37H9xHZocE5sA3N8O8O8/8FA3uclQXxXVzc9XBZuEOMK7+r02FmSpHtw=="],

    "@types/bun": ["@types/bun@1.3.14", "https://npm-proxy.cloud.databricks.com/@types/bun/-/bun-1.3.14.tgz", { "dependencies": { "bun-types": "1.3.14" } }, "sha512-h1hFqFVcvAvD9j9K7ZW7vd82aSA+rTdznZa+5bwvCwqSB1jmmfLcbIWhOLx1/+boy/xmjgCs/OMUL8hRJSmnPw=="],

    "@types/node": ["@types/node@26.1.1", "https://npm-proxy.cloud.databricks.com/@types/node/-/node-26.1.1.tgz", { "dependencies": { "undici-types": "~8.3.0" } }, "sha512-nxAkRSVkN1Y0JC1W8ky/fTfkGsMmcrRsbx+3XoZE+rMOX71kLYTV7fLXpqud1GpbpP5TuffXFqfX7fH2GgZREw=="],

    "bun-types": ["bun-types@1.3.14", "https://npm-proxy.cloud.databricks.com/bun-types/-/bun-types-1.3.14.tgz", { "dependencies": { "@types/node": "*" } }, "sha512-4N0ig0fEomHt5R0KCFWjovxow98rIoRwKolrYdCcknNwMekCXRnWEUvgu5soYV8QXtVsrUD8B95MBOZGPvr6KQ=="],

    "hono": ["hono@4.12.29", "https://npm-proxy.cloud.databricks.com/hono/-/hono-4.12.29.tgz", {}, "sha512-1hNiRjawYrLq/4m3DQQjPGFg0VZkk4RjQJDff/excI6Dm9BiL75qxGrd7/c6YOxPdq6AscP3LiXhQ6fKFC1Waw=="],

    "jose": ["jose@6.2.4", "https://npm-proxy.cloud.databricks.com/jose/-/jose-6.2.4.tgz", {}, "sha512-N8acGzVsQy6M/fjFcxtysNc4Q379TcM5dM/qKkNtsHFji88yANnXTr7BLeP75iPnFwBfQzM/jg2BZ9+HZrHCZA=="],

    "postgres": ["postgres@3.4.9", "https://npm-proxy.cloud.databricks.com/postgres/-/postgres-3.4.9.tgz", {}, "sha512-GD3qdB0x1z9xgFI6cdRD6xu2Sp2WCOEoe3mtnyB5Ee0XrrL5Pe+e4CCnJrRMnL1zYtRDZmQQVbvOttLnKDLnaw=="],

    "typescript": ["typescript@5.9.3", "https://npm-proxy.cloud.databricks.com/typescript/-/typescript-5.9.3.tgz", { "bin": { "tsc": "bin/tsc", "tsserver": "bin/tsserver" } }, "sha512-jl1vZzPDinLr9eUt3J/t7V6FgNEw9QjvBPdysz9KfQDD41fQrC2Y4vKQdiaUpFT4bXlb1RHhLpp8wtm6M5TgSw=="],

    "undici-types": ["undici-types@8.3.0", "https://npm-proxy.cloud.databricks.com/undici-types/-/undici-types-8.3.0.tgz", {}, "sha512-j375ScV60dom+YkPFIfTLcOiPxkN/buHz5GobjLhixFuANaNs3C9l4GmrWqejgXWJ7BbJcFYpTEUkS1Ge8bpZQ=="],
  }
}
